
Microsoft Visual Studio Solution File, Format Version 12.00
# Visual Studio Version 17
VisualStudioVersion = 17.0.31903.59
MinimumVisualStudioVersion = 10.0.40219.1
Project("{2150E333-8FDC-42A3-9474-1A3956D46DE8}") = "src", "src", "{827E0CD3-B72D-47B6-A68D-7590B98EB39B}"
EndProject
Project("{FAE04EC0-301F-11D3-BF4B-00C04F79EFBC}") = "wpfui", "src\Client\wpfui\wpfui.csproj", "{297337FA-5DF1-44B3-89A5-C5848980C92C}"
EndProject
Project("{2150E333-8FDC-42A3-9474-1A3956D46DE8}") = "Server", "Server", "{E6B48023-E680-40DA-9E17-319585C26937}"
EndProject
Project("{FAE04EC0-301F-11D3-BF4B-00C04F79EFBC}") = "Api", "src\Server\Api\Api.csproj", "{0782E1E7-9B48-4C7F-9292-CE69D4793521}"
EndProject
Project("{2150E333-8FDC-42A3-9474-1A3956D46DE8}") = "Client", "Client", "{02EA681E-C7D8-13C7-8484-4AC65E1B71E8}"
EndProject
Project("{FAE04EC0-301F-11D3-BF4B-00C04F79EFBC}") = "Domain", "src\Server\Domain\Domain.csproj", "{1CB2EE1B-AF6F-422D-8982-000FA6C46467}"
EndProject
Project("{FAE04EC0-301F-11D3-BF4B-00C04F79EFBC}") = "Infrastructure", "src\Server\Infrastructure\Infrastructure.csproj", "{26B3DB81-F2C3-4FE2-8646-3D8BCE655B4E}"
EndProject
Project("{FAE04EC0-301F-11D3-BF4B-00C04F79EFBC}") = "Application", "src\Server\Application\Application.csproj", "{707D6475-A0D2-4F83-86B5-66A22982685C}"
EndProject
Project("{FAE04EC0-301F-11D3-BF4B-00C04F79EFBC}") = "Common", "src\Server\Common\Common.csproj", "{191FF9FA-27D6-4617-A122-989DBFC5F27C}"
EndProject
Project("{FAE04EC0-301F-11D3-BF4B-00C04F79EFBC}") = "Shared", "src\Server\Shared\Shared.csproj", "{027FEEA8-6065-4F9D-8B44-2A1D95F5D63B}"
EndProject
Project("{FAE04EC0-301F-11D3-BF4B-00C04F79EFBC}") = "Tests", "tests\Tests\Tests.csproj", "{1F72D08E-2FDA-2438-6717-AB11F2FE8404}"
EndProject
Project("{54A90642-561A-4BB1-A94E-469ADEE60C69}") = "admin-vue", "src\Client\admin-vue\admin-vue.esproj", "{C65FFB8C-0376-D888-50B0-4ADEAFFE1E34}"
EndProject
Global
	GlobalSection(SolutionConfigurationPlatforms) = preSolution
		Debug|Any CPU = Debug|Any CPU
		Debug|x64 = Debug|x64
		Debug|x86 = Debug|x86
		Release|Any CPU = Release|Any CPU
		Release|x64 = Release|x64
		Release|x86 = Release|x86
	EndGlobalSection
	GlobalSection(ProjectConfigurationPlatforms) = postSolution
		{297337FA-5DF1-44B3-89A5-C5848980C92C}.Debug|Any CPU.ActiveCfg = Debug|Any CPU
		{297337FA-5DF1-44B3-89A5-C5848980C92C}.Debug|Any CPU.Build.0 = Debug|Any CPU
		{297337FA-5DF1-44B3-89A5-C5848980C92C}.Debug|x64.ActiveCfg = Debug|Any CPU
		{297337FA-5DF1-44B3-89A5-C5848980C92C}.Debug|x64.Build.0 = Debug|Any CPU
		{297337FA-5DF1-44B3-89A5-C5848980C92C}.Debug|x86.ActiveCfg = Debug|Any CPU
		{297337FA-5DF1-44B3-89A5-C5848980C92C}.Debug|x86.Build.0 = Debug|Any CPU
		{297337FA-5DF1-44B3-89A5-C5848980C92C}.Release|Any CPU.ActiveCfg = Release|Any CPU
		{297337FA-5DF1-44B3-89A5-C5848980C92C}.Release|Any CPU.Build.0 = Release|Any CPU
		{297337FA-5DF1-44B3-89A5-C5848980C92C}.Release|x64.ActiveCfg = Release|Any CPU
		{297337FA-5DF1-44B3-89A5-C5848980C92C}.Release|x64.Build.0 = Release|Any CPU
		{297337FA-5DF1-44B3-89A5-C5848980C92C}.Release|x86.ActiveCfg = Release|Any CPU
		{297337FA-5DF1-44B3-89A5-C5848980C92C}.Release|x86.Build.0 = Release|Any CPU
		{0782E1E7-9B48-4C7F-9292-CE69D4793521}.Debug|Any CPU.ActiveCfg = Debug|Any CPU
		{0782E1E7-9B48-4C7F-9292-CE69D4793521}.Debug|Any CPU.Build.0 = Debug|Any CPU
		{0782E1E7-9B48-4C7F-9292-CE69D4793521}.Debug|x64.ActiveCfg = Debug|Any CPU
		{0782E1E7-9B48-4C7F-9292-CE69D4793521}.Debug|x64.Build.0 = Debug|Any CPU
		{0782E1E7-9B48-4C7F-9292-CE69D4793521}.Debug|x86.ActiveCfg = Debug|Any CPU
		{0782E1E7-9B48-4C7F-9292-CE69D4793521}.Debug|x86.Build.0 = Debug|Any CPU
		{0782E1E7-9B48-4C7F-9292-CE69D4793521}.Release|Any CPU.ActiveCfg = Release|Any CPU
		{0782E1E7-9B48-4C7F-9292-CE69D4793521}.Release|Any CPU.Build.0 = Release|Any CPU
		{0782E1E7-9B48-4C7F-9292-CE69D4793521}.Release|x64.ActiveCfg = Release|Any CPU
		{0782E1E7-9B48-4C7F-9292-CE69D4793521}.Release|x64.Build.0 = Release|Any CPU
		{0782E1E7-9B48-4C7F-9292-CE69D4793521}.Release|x86.ActiveCfg = Release|Any CPU
		{0782E1E7-9B48-4C7F-9292-CE69D4793521}.Release|x86.Build.0 = Release|Any CPU
		{1CB2EE1B-AF6F-422D-8982-000FA6C46467}.Debug|Any CPU.ActiveCfg = Debug|Any CPU
		{1CB2EE1B-AF6F-422D-8982-000FA6C46467}.Debug|Any CPU.Build.0 = Debug|Any CPU
		{1CB2EE1B-AF6F-422D-8982-000FA6C46467}.Debug|x64.ActiveCfg = Debug|Any CPU
		{1CB2EE1B-AF6F-422D-8982-000FA6C46467}.Debug|x64.Build.0 = Debug|Any CPU
		{1CB2EE1B-AF6F-422D-8982-000FA6C46467}.Debug|x86.ActiveCfg = Debug|Any CPU
		{1CB2EE1B-AF6F-422D-8982-000FA6C46467}.Debug|x86.Build.0 = Debug|Any CPU
		{1CB2EE1B-AF6F-422D-8982-000FA6C46467}.Release|Any CPU.ActiveCfg = Release|Any CPU
		{1CB2EE1B-AF6F-422D-8982-000FA6C46467}.Release|Any CPU.Build.0 = Release|Any CPU
		{1CB2EE1B-AF6F-422D-8982-000FA6C46467}.Release|x64.ActiveCfg = Release|Any CPU
		{1CB2EE1B-AF6F-422D-8982-000FA6C46467}.Release|x64.Build.0 = Release|Any CPU
		{1CB2EE1B-AF6F-422D-8982-000FA6C46467}.Release|x86.ActiveCfg = Release|Any CPU
		{1CB2EE1B-AF6F-422D-8982-000FA6C46467}.Release|x86.Build.0 = Release|Any CPU
		{26B3DB81-F2C3-4FE2-8646-3D8BCE655B4E}.Debug|Any CPU.ActiveCfg = Debug|Any CPU
		{26B3DB81-F2C3-4FE2-8646-3D8BCE655B4E}.Debug|Any CPU.Build.0 = Debug|Any CPU
		{26B3DB81-F2C3-4FE2-8646-3D8BCE655B4E}.Debug|x64.ActiveCfg = Debug|Any CPU
		{26B3DB81-F2C3-4FE2-8646-3D8BCE655B4E}.Debug|x64.Build.0 = Debug|Any CPU
		{26B3DB81-F2C3-4FE2-8646-3D8BCE655B4E}.Debug|x86.ActiveCfg = Debug|Any CPU
		{26B3DB81-F2C3-4FE2-8646-3D8BCE655B4E}.Debug|x86.Build.0 = Debug|Any CPU
		{26B3DB81-F2C3-4FE2-8646-3D8BCE655B4E}.Release|Any CPU.ActiveCfg = Release|Any CPU
		{26B3DB81-F2C3-4FE2-8646-3D8BCE655B4E}.Release|Any CPU.Build.0 = Release|Any CPU
		{26B3DB81-F2C3-4FE2-8646-3D8BCE655B4E}.Release|x64.ActiveCfg = Release|Any CPU
		{26B3DB81-F2C3-4FE2-8646-3D8BCE655B4E}.Release|x64.Build.0 = Release|Any CPU
		{26B3DB81-F2C3-4FE2-8646-3D8BCE655B4E}.Release|x86.ActiveCfg = Release|Any CPU
		{26B3DB81-F2C3-4FE2-8646-3D8BCE655B4E}.Release|x86.Build.0 = Release|Any CPU
		{707D6475-A0D2-4F83-86B5-66A22982685C}.Debug|Any CPU.ActiveCfg = Debug|Any CPU
		{707D6475-A0D2-4F83-86B5-66A22982685C}.Debug|Any CPU.Build.0 = Debug|Any CPU
		{707D6475-A0D2-4F83-86B5-66A22982685C}.Debug|x64.ActiveCfg = Debug|Any CPU
		{707D6475-A0D2-4F83-86B5-66A22982685C}.Debug|x64.Build.0 = Debug|Any CPU
		{707D6475-A0D2-4F83-86B5-66A22982685C}.Debug|x86.ActiveCfg = Debug|Any CPU
		{707D6475-A0D2-4F83-86B5-66A22982685C}.Debug|x86.Build.0 = Debug|Any CPU
		{707D6475-A0D2-4F83-86B5-66A22982685C}.Release|Any CPU.ActiveCfg = Release|Any CPU
		{707D6475-A0D2-4F83-86B5-66A22982685C}.Release|Any CPU.Build.0 = Release|Any CPU
		{707D6475-A0D2-4F83-86B5-66A22982685C}.Release|x64.ActiveCfg = Release|Any CPU
		{707D6475-A0D2-4F83-86B5-66A22982685C}.Release|x64.Build.0 = Release|Any CPU
		{707D6475-A0D2-4F83-86B5-66A22982685C}.Release|x86.ActiveCfg = Release|Any CPU
		{707D6475-A0D2-4F83-86B5-66A22982685C}.Release|x86.Build.0 = Release|Any CPU
		{191FF9FA-27D6-4617-A122-989DBFC5F27C}.Debug|Any CPU.ActiveCfg = Debug|Any CPU
		{191FF9FA-27D6-4617-A122-989DBFC5F27C}.Debug|Any CPU.Build.0 = Debug|Any CPU
		{191FF9FA-27D6-4617-A122-989DBFC5F27C}.Debug|x64.ActiveCfg = Debug|Any CPU
		{191FF9FA-27D6-4617-A122-989DBFC5F27C}.Debug|x64.Build.0 = Debug|Any CPU
		{191FF9FA-27D6-4617-A122-989DBFC5F27C}.Debug|x86.ActiveCfg = Debug|Any CPU
		{191FF9FA-27D6-4617-A122-989DBFC5F27C}.Debug|x86.Build.0 = Debug|Any CPU
		{191FF9FA-27D6-4617-A122-989DBFC5F27C}.Release|Any CPU.ActiveCfg = Release|Any CPU
		{191FF9FA-27D6-4617-A122-989DBFC5F27C}.Release|Any CPU.Build.0 = Release|Any CPU
		{191FF9FA-27D6-4617-A122-989DBFC5F27C}.Release|x64.ActiveCfg = Release|Any CPU
		{191FF9FA-27D6-4617-A122-989DBFC5F27C}.Release|x64.Build.0 = Release|Any CPU
		{191FF9FA-27D6-4617-A122-989DBFC5F27C}.Release|x86.ActiveCfg = Release|Any CPU
		{191FF9FA-27D6-4617-A122-989DBFC5F27C}.Release|x86.Build.0 = Release|Any CPU
		{027FEEA8-6065-4F9D-8B44-2A1D95F5D63B}.Debug|Any CPU.ActiveCfg = Debug|Any CPU
		{027FEEA8-6065-4F9D-8B44-2A1D95F5D63B}.Debug|Any CPU.Build.0 = Debug|Any CPU
		{027FEEA8-6065-4F9D-8B44-2A1D95F5D63B}.Debug|x64.ActiveCfg = Debug|Any CPU
		{027FEEA8-6065-4F9D-8B44-2A1D95F5D63B}.Debug|x64.Build.0 = Debug|Any CPU
		{027FEEA8-6065-4F9D-8B44-2A1D95F5D63B}.Debug|x86.ActiveCfg = Debug|Any CPU
		{027FEEA8-6065-4F9D-8B44-2A1D95F5D63B}.Debug|x86.Build.0 = Debug|Any CPU
		{027FEEA8-6065-4F9D-8B44-2A1D95F5D63B}.Release|Any CPU.ActiveCfg = Release|Any CPU
		{027FEEA8-6065-4F9D-8B44-2A1D95F5D63B}.Release|Any CPU.Build.0 = Release|Any CPU
		{027FEEA8-6065-4F9D-8B44-2A1D95F5D63B}.Release|x64.ActiveCfg = Release|Any CPU
		{027FEEA8-6065-4F9D-8B44-2A1D95F5D63B}.Release|x64.Build.0 = Release|Any CPU
		{027FEEA8-6065-4F9D-8B44-2A1D95F5D63B}.Release|x86.ActiveCfg = Release|Any CPU
		{027FEEA8-6065-4F9D-8B44-2A1D95F5D63B}.Release|x86.Build.0 = Release|Any CPU
		{1F72D08E-2FDA-2438-6717-AB11F2FE8404}.Debug|Any CPU.ActiveCfg = Debug|Any CPU
		{1F72D08E-2FDA-2438-6717-AB11F2FE8404}.Debug|Any CPU.Build.0 = Debug|Any CPU
		{1F72D08E-2FDA-2438-6717-AB11F2FE8404}.Debug|x64.ActiveCfg = Debug|Any CPU
		{1F72D08E-2FDA-2438-6717-AB11F2FE8404}.Debug|x64.Build.0 = Debug|Any CPU
		{1F72D08E-2FDA-2438-6717-AB11F2FE8404}.Debug|x86.ActiveCfg = Debug|Any CPU
		{1F72D08E-2FDA-2438-6717-AB11F2FE8404}.Debug|x86.Build.0 = Debug|Any CPU
		{1F72D08E-2FDA-2438-6717-AB11F2FE8404}.Release|Any CPU.ActiveCfg = Release|Any CPU
		{1F72D08E-2FDA-2438-6717-AB11F2FE8404}.Release|Any CPU.Build.0 = Release|Any CPU
		{1F72D08E-2FDA-2438-6717-AB11F2FE8404}.Release|x64.ActiveCfg = Release|Any CPU
		{1F72D08E-2FDA-2438-6717-AB11F2FE8404}.Release|x64.Build.0 = Release|Any CPU
		{1F72D08E-2FDA-2438-6717-AB11F2FE8404}.Release|x86.ActiveCfg = Release|Any CPU
		{1F72D08E-2FDA-2438-6717-AB11F2FE8404}.Release|x86.Build.0 = Release|Any CPU
		{C65FFB8C-0376-D888-50B0-4ADEAFFE1E34}.Debug|Any CPU.ActiveCfg = Debug|Any CPU
		{C65FFB8C-0376-D888-50B0-4ADEAFFE1E34}.Debug|Any CPU.Build.0 = Debug|Any CPU
		{C65FFB8C-0376-D888-50B0-4ADEAFFE1E34}.Debug|Any CPU.Deploy.0 = Debug|Any CPU
		{C65FFB8C-0376-D888-50B0-4ADEAFFE1E34}.Debug|x64.ActiveCfg = Debug|Any CPU
		{C65FFB8C-0376-D888-50B0-4ADEAFFE1E34}.Debug|x64.Build.0 = Debug|Any CPU
		{C65FFB8C-0376-D888-50B0-4ADEAFFE1E34}.Debug|x64.Deploy.0 = Debug|Any CPU
		{C65FFB8C-0376-D888-50B0-4ADEAFFE1E34}.Debug|x86.ActiveCfg = Debug|Any CPU
		{C65FFB8C-0376-D888-50B0-4ADEAFFE1E34}.Debug|x86.Build.0 = Debug|Any CPU
		{C65FFB8C-0376-D888-50B0-4ADEAFFE1E34}.Debug|x86.Deploy.0 = Debug|Any CPU
		{C65FFB8C-0376-D888-50B0-4ADEAFFE1E34}.Release|Any CPU.ActiveCfg = Release|Any CPU
		{C65FFB8C-0376-D888-50B0-4ADEAFFE1E34}.Release|Any CPU.Build.0 = Release|Any CPU
		{C65FFB8C-0376-D888-50B0-4ADEAFFE1E34}.Release|Any CPU.Deploy.0 = Release|Any CPU
		{C65FFB8C-0376-D888-50B0-4ADEAFFE1E34}.Release|x64.ActiveCfg = Release|Any CPU
		{C65FFB8C-0376-D888-50B0-4ADEAFFE1E34}.Release|x64.Build.0 = Release|Any CPU
		{C65FFB8C-0376-D888-50B0-4ADEAFFE1E34}.Release|x64.Deploy.0 = Release|Any CPU
		{C65FFB8C-0376-D888-50B0-4ADEAFFE1E34}.Release|x86.ActiveCfg = Release|Any CPU
		{C65FFB8C-0376-D888-50B0-4ADEAFFE1E34}.Release|x86.Build.0 = Release|Any CPU
		{C65FFB8C-0376-D888-50B0-4ADEAFFE1E34}.Release|x86.Deploy.0 = Release|Any CPU
	EndGlobalSection
	GlobalSection(SolutionProperties) = preSolution
		HideSolutionNode = FALSE
	EndGlobalSection
	GlobalSection(NestedProjects) = preSolution
		{297337FA-5DF1-44B3-89A5-C5848980C92C} = {02EA681E-C7D8-13C7-8484-4AC65E1B71E8}
		{E6B48023-E680-40DA-9E17-319585C26937} = {827E0CD3-B72D-47B6-A68D-7590B98EB39B}
		{0782E1E7-9B48-4C7F-9292-CE69D4793521} = {E6B48023-E680-40DA-9E17-319585C26937}
		{02EA681E-C7D8-13C7-8484-4AC65E1B71E8} = {827E0CD3-B72D-47B6-A68D-7590B98EB39B}
		{1CB2EE1B-AF6F-422D-8982-000FA6C46467} = {E6B48023-E680-40DA-9E17-319585C26937}
		{26B3DB81-F2C3-4FE2-8646-3D8BCE655B4E} = {E6B48023-E680-40DA-9E17-319585C26937}
		{707D6475-A0D2-4F83-86B5-66A22982685C} = {E6B48023-E680-40DA-9E17-319585C26937}
		{191FF9FA-27D6-4617-A122-989DBFC5F27C} = {E6B48023-E680-40DA-9E17-319585C26937}
		{027FEEA8-6065-4F9D-8B44-2A1D95F5D63B} = {E6B48023-E680-40DA-9E17-319585C26937}
		{C65FFB8C-0376-D888-50B0-4ADEAFFE1E34} = {02EA681E-C7D8-13C7-8484-4AC65E1B71E8}
	EndGlobalSection
	GlobalSection(ExtensibilityGlobals) = postSolution
		SolutionGuid = {07479B05-E98A-4867-AC03-0D4FC6F80EA2}
	EndGlobalSection
EndGlobal
